
Microsoft Visual Studio Solution File, Format Version 12.00
# Visual Studio 2012
Project("{8BC9CEB8-8B4A-11D0-8D11-00A0C91BC942}") = "gtasa-dll-windowmode+mousefix", "gtasa-dll-windowmode+mousefix.vcxproj", "{A4CF0475-27F5-41B0-898D-A47821EE120D}"
EndProject
Global
	GlobalSection(SolutionConfigurationPlatforms) = preSolution
		Debug|Win32 = Debug|Win32
		Release|Win32 = Release|Win32
	EndGlobalSection
	GlobalSection(ProjectConfigurationPlatforms) = postSolution
		{A4CF0475-27F5-41B0-898D-A47821EE120D}.Debug|Win32.ActiveCfg = Debug|Win32
		{A4CF0475-27F5-41B0-898D-A47821EE120D}.Debug|Win32.Build.0 = Debug|Win32
		{A4CF0475-27F5-41B0-898D-A47821EE120D}.Release|Win32.ActiveCfg = Release|Win32
		{A4CF0475-27F5-41B0-898D-A47821EE120D}.Release|Win32.Build.0 = Release|Win32
	EndGlobalSection
	GlobalSection(SolutionProperties) = preSolution
		HideSolutionNode = FALSE
	EndGlobalSection
EndGlobal
